
Microsoft Visual Studio Solution File, Format Version 12.00
# Visual Studio 14
VisualStudioVersion = 14.0.25420.1
MinimumVisualStudioVersion = 10.0.40219.1
Project("{FAE04EC0-301F-11D3-BF4B-00C04F79EFBC}") = "StatisticServer", "Internship.Task\StatisticServer.csproj", "{874B2CAA-BF71-4D59-AB46-75008839041F}"
EndProject
Project("{FAE04EC0-301F-11D3-BF4B-00C04F79EFBC}") = "HttpServerCore", "HttpServerCore\HttpServerCore.csproj", "{C4F185CF-93B1-42CA-AF63-5ABF8838ECA8}"
EndProject
Project("{FAE04EC0-301F-11D3-BF4B-00C04F79EFBC}") = "HttpServerCore.Tests", "HttpServerCore.Tests\HttpServerCore.Tests.csproj", "{9D6CC456-7BA8-488A-83AB-A7AE1A91971E}"
EndProject
Project("{FAE04EC0-301F-11D3-BF4B-00C04F79EFBC}") = "StatisticServer.Tests", "StatisticServer.Tests\StatisticServer.Tests.csproj", "{FE3C0F97-AB83-448A-B68A-39761DB97A04}"
EndProject
Global
	GlobalSection(SolutionConfigurationPlatforms) = preSolution
		Debug|Any CPU = Debug|Any CPU
		Release|Any CPU = Release|Any CPU
	EndGlobalSection
	GlobalSection(ProjectConfigurationPlatforms) = postSolution
		{874B2CAA-BF71-4D59-AB46-75008839041F}.Debug|Any CPU.ActiveCfg = Debug|Any CPU
		{874B2CAA-BF71-4D59-AB46-75008839041F}.Debug|Any CPU.Build.0 = Debug|Any CPU
		{874B2CAA-BF71-4D59-AB46-75008839041F}.Release|Any CPU.ActiveCfg = Release|Any CPU
		{874B2CAA-BF71-4D59-AB46-75008839041F}.Release|Any CPU.Build.0 = Release|Any CPU
		{C4F185CF-93B1-42CA-AF63-5ABF8838ECA8}.Debug|Any CPU.ActiveCfg = Debug|Any CPU
		{C4F185CF-93B1-42CA-AF63-5ABF8838ECA8}.Debug|Any CPU.Build.0 = Debug|Any CPU
		{C4F185CF-93B1-42CA-AF63-5ABF8838ECA8}.Release|Any CPU.ActiveCfg = Release|Any CPU
		{C4F185CF-93B1-42CA-AF63-5ABF8838ECA8}.Release|Any CPU.Build.0 = Release|Any CPU
		{9D6CC456-7BA8-488A-83AB-A7AE1A91971E}.Debug|Any CPU.ActiveCfg = Debug|Any CPU
		{9D6CC456-7BA8-488A-83AB-A7AE1A91971E}.Debug|Any CPU.Build.0 = Debug|Any CPU
		{9D6CC456-7BA8-488A-83AB-A7AE1A91971E}.Release|Any CPU.ActiveCfg = Release|Any CPU
		{9D6CC456-7BA8-488A-83AB-A7AE1A91971E}.Release|Any CPU.Build.0 = Release|Any CPU
		{FE3C0F97-AB83-448A-B68A-39761DB97A04}.Debug|Any CPU.ActiveCfg = Debug|Any CPU
		{FE3C0F97-AB83-448A-B68A-39761DB97A04}.Debug|Any CPU.Build.0 = Debug|Any CPU
		{FE3C0F97-AB83-448A-B68A-39761DB97A04}.Release|Any CPU.ActiveCfg = Release|Any CPU
		{FE3C0F97-AB83-448A-B68A-39761DB97A04}.Release|Any CPU.Build.0 = Release|Any CPU
	EndGlobalSection
	GlobalSection(SolutionProperties) = preSolution
		HideSolutionNode = FALSE
	EndGlobalSection
EndGlobal
